// !$*UTF8*$!
{
	archiveVersion = 1;
	classes = {
	};
	objectVersion = 77;
	objects = {

/* Begin PBXBuildFile section */
		451F78EAD7736A2F932730E3 /* A2UISwiftUI in Frameworks */ = {isa = PBXBuildFile; productRef = 41336243A89F768EDC117F21 /* A2UISwiftUI */; };
		5043B3F9C2FF49D38770A0C9 /* ControlPlane in Frameworks */ = {isa = PBXBuildFile; platformFilters = (macos, ); productRef = 1C85446A282344B7B7C5D77E /* ControlPlane */; };
		74537CA1039C7B731A4AB345 /* MLXLMCommon in Frameworks */ = {isa = PBXBuildFile; productRef = 0234635C5599E4E9FA57EED8 /* MLXLMCommon */; };
		7E8832D3B799843B11CB0EA5 /* A2UISwiftCore in Frameworks */ = {isa = PBXBuildFile; productRef = 6BF49234D51B56FBEA51A64C /* A2UISwiftCore */; };
		8BD15F1A81BC1DC587186A6D /* MLXLMCommon in Frameworks */ = {isa = PBXBuildFile; productRef = F4C8BDD7D068B495E7B2B951 /* MLXLMCommon */; };
		D3590F01C04BCD8D9A9AF658 /* MLXVLM in Frameworks */ = {isa = PBXBuildFile; productRef = 0A9E53321FCDF3C9F0CC8530 /* MLXVLM */; };
		EACA99B2E5594010A096B1F8 /* Contracts in Frameworks */ = {isa = PBXBuildFile; platformFilters = (macos, ); productRef = 4885D8C648A041819F1C2F01 /* Contracts */; };
/* End PBXBuildFile section */

/* Begin PBXContainerItemProxy section */
		0C135A8F2FB7C4D5002F9C73 /* PBXContainerItemProxy */ = {
			isa = PBXContainerItemProxy;
			containerPortal = 0C135A752FB7C4D4002F9C73 /* Project object */;
			proxyType = 1;
			remoteGlobalIDString = 0C135A7C2FB7C4D4002F9C73;
			remoteInfo = dBrowser;
		};
		0C135A992FB7C4D5002F9C73 /* PBXContainerItemProxy */ = {
			isa = PBXContainerItemProxy;
			containerPortal = 0C135A752FB7C4D4002F9C73 /* Project object */;
			proxyType = 1;
			remoteGlobalIDString = 0C135A7C2FB7C4D4002F9C73;
			remoteInfo = dBrowser;
		};
/* End PBXContainerItemProxy section */

/* Begin PBXFileReference section */
		0C135A7D2FB7C4D4002F9C73 /* dBrowser.app */ = {isa = PBXFileReference; explicitFileType = wrapper.application; includeInIndex = 0; path = dBrowser.app; sourceTree = BUILT_PRODUCTS_DIR; };
		0C135A8E2FB7C4D5002F9C73 /* dBrowserTests.xctest */ = {isa = PBXFileReference; explicitFileType = wrapper.cfbundle; includeInIndex = 0; path = dBrowserTests.xctest; sourceTree = BUILT_PRODUCTS_DIR; };
		0C135A982FB7C4D5002F9C73 /* dBrowserUITests.xctest */ = {isa = PBXFileReference; explicitFileType = wrapper.cfbundle; includeInIndex = 0; path = dBrowserUITests.xctest; sourceTree = BUILT_PRODUCTS_DIR; };
/* End PBXFileReference section */

/* Begin PBXFileSystemSynchronizedBuildFileExceptionSet section */
		0C135AA02FB7C4D5002F9C73 /* Exceptions for "dBrowser" folder in "dBrowser" target */ = {
			isa = PBXFileSystemSynchronizedBuildFileExceptionSet;
			membershipExceptions = (
				Info.plist,
			);
			target = 0C135A7C2FB7C4D4002F9C73 /* dBrowser */;
		};
/* End PBXFileSystemSynchronizedBuildFileExceptionSet section */

/* Begin PBXFileSystemSynchronizedRootGroup section */
		0C135A7F2FB7C4D4002F9C73 /* dBrowser */ = {
			isa = PBXFileSystemSynchronizedRootGroup;
			exceptions = (
				0C135AA02FB7C4D5002F9C73 /* Exceptions for "dBrowser" folder in "dBrowser" target */,
			);
			path = dBrowser;
			sourceTree = "<group>";
		};
		0C135A912FB7C4D5002F9C73 /* dBrowserTests */ = {
			isa = PBXFileSystemSynchronizedRootGroup;
			path = dBrowserTests;
			sourceTree = "<group>";
		};
		0C135A9B2FB7C4D5002F9C73 /* dBrowserUITests */ = {
			isa = PBXFileSystemSynchronizedRootGroup;
			path = dBrowserUITests;
			sourceTree = "<group>";
		};
/* End PBXFileSystemSynchronizedRootGroup section */

/* Begin PBXFrameworksBuildPhase section */
		0C135A7A2FB7C4D4002F9C73 /* Frameworks */ = {
			isa = PBXFrameworksBuildPhase;
			buildActionMask = 2147483647;
			files = (
				451F78EAD7736A2F932730E3 /* A2UISwiftUI in Frameworks */,
				5043B3F9C2FF49D38770A0C9 /* ControlPlane in Frameworks */,
				D3590F01C04BCD8D9A9AF658 /* MLXVLM in Frameworks */,
				7E8832D3B799843B11CB0EA5 /* A2UISwiftCore in Frameworks */,
				EACA99B2E5594010A096B1F8 /* Contracts in Frameworks */,
				8BD15F1A81BC1DC587186A6D /* MLXLMCommon in Frameworks */,
			);
			runOnlyForDeploymentPostprocessing = 0;
		};
		0C135A8B2FB7C4D5002F9C73 /* Frameworks */ = {
			isa = PBXFrameworksBuildPhase;
			buildActionMask = 2147483647;
			files = (
				74537CA1039C7B731A4AB345 /* MLXLMCommon in Frameworks */,
			);
			runOnlyForDeploymentPostprocessing = 0;
		};
		0C135A952FB7C4D5002F9C73 /* Frameworks */ = {
			isa = PBXFrameworksBuildPhase;
			buildActionMask = 2147483647;
			files = (
			);
			runOnlyForDeploymentPostprocessing = 0;
		};
/* End PBXFrameworksBuildPhase section */

/* Begin PBXGroup section */
		0C135A742FB7C4D4002F9C73 = {
			isa = PBXGroup;
			children = (
				0C135A7F2FB7C4D4002F9C73 /* dBrowser */,
				0C135A912FB7C4D5002F9C73 /* dBrowserTests */,
				0C135A9B2FB7C4D5002F9C73 /* dBrowserUITests */,
				0C135A7E2FB7C4D4002F9C73 /* Products */,
			);
			sourceTree = "<group>";
		};
		0C135A7E2FB7C4D4002F9C73 /* Products */ = {
			isa = PBXGroup;
			children = (
				0C135A7D2FB7C4D4002F9C73 /* dBrowser.app */,
				0C135A8E2FB7C4D5002F9C73 /* dBrowserTests.xctest */,
				0C135A982FB7C4D5002F9C73 /* dBrowserUITests.xctest */,
			);
			name = Products;
			sourceTree = "<group>";
		};
/* End PBXGroup section */

/* Begin PBXNativeTarget section */
		0C135A7C2FB7C4D4002F9C73 /* dBrowser */ = {
			isa = PBXNativeTarget;
			buildConfigurationList = 0C135AA12FB7C4D5002F9C73 /* Build configuration list for PBXNativeTarget "dBrowser" */;
			buildPhases = (
				0C135A792FB7C4D4002F9C73 /* Sources */,
				0C135A7A2FB7C4D4002F9C73 /* Frameworks */,
				0C135A7B2FB7C4D4002F9C73 /* Resources */,
			);
			buildRules = (
			);
			dependencies = (
			);
			fileSystemSynchronizedGroups = (
				0C135A7F2FB7C4D4002F9C73 /* dBrowser */,
			);
			name = dBrowser;
			packageProductDependencies = (
				6BF49234D51B56FBEA51A64C /* A2UISwiftCore */,
				41336243A89F768EDC117F21 /* A2UISwiftUI */,
				0A9E53321FCDF3C9F0CC8530 /* MLXVLM */,
				F4C8BDD7D068B495E7B2B951 /* MLXLMCommon */,
				1C85446A282344B7B7C5D77E /* ControlPlane */,
				4885D8C648A041819F1C2F01 /* Contracts */,
			);
			productName = dBrowser;
			productReference = 0C135A7D2FB7C4D4002F9C73 /* dBrowser.app */;
			productType = "com.apple.product-type.application";
		};
		0C135A8D2FB7C4D5002F9C73 /* dBrowserTests */ = {
			isa = PBXNativeTarget;
			buildConfigurationList = 0C135AA62FB7C4D5002F9C73 /* Build configuration list for PBXNativeTarget "dBrowserTests" */;
			buildPhases = (
				0C135A8A2FB7C4D5002F9C73 /* Sources */,
				0C135A8B2FB7C4D5002F9C73 /* Frameworks */,
				0C135A8C2FB7C4D5002F9C73 /* Resources */,
			);
			buildRules = (
			);
			dependencies = (
				0C135A902FB7C4D5002F9C73 /* PBXTargetDependency */,
			);
			fileSystemSynchronizedGroups = (
				0C135A912FB7C4D5002F9C73 /* dBrowserTests */,
			);
			name = dBrowserTests;
			packageProductDependencies = (
				0234635C5599E4E9FA57EED8 /* MLXLMCommon */,
			);
			productName = dBrowserTests;
			productReference = 0C135A8E2FB7C4D5002F9C73 /* dBrowserTests.xctest */;
			productType = "com.apple.product-type.bundle.unit-test";
		};
		0C135A972FB7C4D5002F9C73 /* dBrowserUITests */ = {
			isa = PBXNativeTarget;
			buildConfigurationList = 0C135AA92FB7C4D5002F9C73 /* Build configuration list for PBXNativeTarget "dBrowserUITests" */;
			buildPhases = (
				0C135A942FB7C4D5002F9C73 /* Sources */,
				0C135A952FB7C4D5002F9C73 /* Frameworks */,
				0C135A962FB7C4D5002F9C73 /* Resources */,
			);
			buildRules = (
			);
			dependencies = (
				0C135A9A2FB7C4D5002F9C73 /* PBXTargetDependency */,
			);
			fileSystemSynchronizedGroups = (
				0C135A9B2FB7C4D5002F9C73 /* dBrowserUITests */,
			);
			name = dBrowserUITests;
			packageProductDependencies = (
			);
			productName = dBrowserUITests;
			productReference = 0C135A982FB7C4D5002F9C73 /* dBrowserUITests.xctest */;
			productType = "com.apple.product-type.bundle.ui-testing";
		};
/* End PBXNativeTarget section */

/* Begin PBXProject section */
		0C135A752FB7C4D4002F9C73 /* Project object */ = {
			isa = PBXProject;
			attributes = {
				BuildIndependentTargetsInParallel = 1;
				LastSwiftUpdateCheck = 2640;
				LastUpgradeCheck = 2640;
				TargetAttributes = {
					0C135A7C2FB7C4D4002F9C73 = {
						CreatedOnToolsVersion = 26.4.1;
					};
					0C135A8D2FB7C4D5002F9C73 = {
						CreatedOnToolsVersion = 26.4.1;
						TestTargetID = 0C135A7C2FB7C4D4002F9C73;
					};
					0C135A972FB7C4D5002F9C73 = {
						CreatedOnToolsVersion = 26.4.1;
						TestTargetID = 0C135A7C2FB7C4D4002F9C73;
					};
				};
			};
			buildConfigurationList = 0C135A782FB7C4D4002F9C73 /* Build configuration list for PBXProject "dBrowser" */;
			developmentRegion = en;
			hasScannedForEncodings = 0;
			knownRegions = (
				en,
				Base,
			);
			mainGroup = 0C135A742FB7C4D4002F9C73;
			minimizedProjectReferenceProxies = 1;
			packageReferences = (
				28F0B7298917D8D863D0E866 /* XCRemoteSwiftPackageReference "a2ui-swift" */,
				B59B5497CD94C0FCD941D4E2 /* XCRemoteSwiftPackageReference "mlx-swift-lm" */,
				08A671642A2C42CABD328013 /* XCLocalSwiftPackageReference "../Packages/SwiftLM" */,
			);
			preferredProjectObjectVersion = 77;
			productRefGroup = 0C135A7E2FB7C4D4002F9C73 /* Products */;
			projectDirPath = "";
			projectRoot = "";
			targets = (
				0C135A7C2FB7C4D4002F9C73 /* dBrowser */,
				0C135A8D2FB7C4D5002F9C73 /* dBrowserTests */,
				0C135A972FB7C4D5002F9C73 /* dBrowserUITests */,
			);
		};
/* End PBXProject section */

/* Begin PBXResourcesBuildPhase section */
		0C135A7B2FB7C4D4002F9C73 /* Resources */ = {
			isa = PBXResourcesBuildPhase;
			buildActionMask = 2147483647;
			files = (
			);
			runOnlyForDeploymentPostprocessing = 0;
		};
		0C135A8C2FB7C4D5002F9C73 /* Resources */ = {
			isa = PBXResourcesBuildPhase;
			buildActionMask = 2147483647;
			files = (
			);
			runOnlyForDeploymentPostprocessing = 0;
		};
		0C135A962FB7C4D5002F9C73 /* Resources */ = {
			isa = PBXResourcesBuildPhase;
			buildActionMask = 2147483647;
			files = (
			);
			runOnlyForDeploymentPostprocessing = 0;
		};
/* End PBXResourcesBuildPhase section */

/* Begin PBXSourcesBuildPhase section */
		0C135A792FB7C4D4002F9C73 /* Sources */ = {
			isa = PBXSourcesBuildPhase;
			buildActionMask = 2147483647;
			files = (
			);
			runOnlyForDeploymentPostprocessing = 0;
		};
		0C135A8A2FB7C4D5002F9C73 /* Sources */ = {
			isa = PBXSourcesBuildPhase;
			buildActionMask = 2147483647;
			files = (
			);
			runOnlyForDeploymentPostprocessing = 0;
		};
		0C135A942FB7C4D5002F9C73 /* Sources */ = {
			isa = PBXSourcesBuildPhase;
			buildActionMask = 2147483647;
			files = (
			);
			runOnlyForDeploymentPostprocessing = 0;
		};
/* End PBXSourcesBuildPhase section */

/* Begin PBXTargetDependency section */
		0C135A902FB7C4D5002F9C73 /* PBXTargetDependency */ = {
			isa = PBXTargetDependency;
			target = 0C135A7C2FB7C4D4002F9C73 /* dBrowser */;
			targetProxy = 0C135A8F2FB7C4D5002F9C73 /* PBXContainerItemProxy */;
		};
		0C135A9A2FB7C4D5002F9C73 /* PBXTargetDependency */ = {
			isa = PBXTargetDependency;
			target = 0C135A7C2FB7C4D4002F9C73 /* dBrowser */;
			targetProxy = 0C135A992FB7C4D5002F9C73 /* PBXContainerItemProxy */;
		};
/* End PBXTargetDependency section */

/* Begin XCBuildConfiguration section */
		0C135AA22FB7C4D5002F9C73 /* Debug */ = {
			isa = XCBuildConfiguration;
			buildSettings = {
				ASSETCATALOG_COMPILER_APPICON_NAME = AppIcon;
				ASSETCATALOG_COMPILER_GLOBAL_ACCENT_COLOR_NAME = AccentColor;
				CODE_SIGN_ENTITLEMENTS = dBrowser/dBrowser.entitlements;
				"CODE_SIGN_ENTITLEMENTS[sdk=macosx*]" = "dBrowser/dBrowser-macOS.entitlements";
				CODE_SIGN_STYLE = Automatic;
				CURRENT_PROJECT_VERSION = 1;
				DEVELOPMENT_TEAM = L2AF8KFX35;
				ENABLE_APP_SANDBOX = YES;
				ENABLE_HARDENED_RUNTIME = YES;
				ENABLE_PREVIEWS = YES;
				ENABLE_USER_SELECTED_FILES = readonly;
				GENERATE_INFOPLIST_FILE = YES;
				INFOPLIST_FILE = dBrowser/Info.plist;
				INFOPLIST_KEY_CFBundleDisplayName = "D Browser";
				INFOPLIST_KEY_ITSAppUsesNonExemptEncryption = NO;
				INFOPLIST_KEY_LSApplicationCategoryType = "public.app-category.productivity";
				"INFOPLIST_KEY_UIApplicationSceneManifest_Generation[sdk=iphoneos*]" = YES;
				"INFOPLIST_KEY_UIApplicationSceneManifest_Generation[sdk=iphonesimulator*]" = YES;
				"INFOPLIST_KEY_UIApplicationSupportsIndirectInputEvents[sdk=iphoneos*]" = YES;
				"INFOPLIST_KEY_UIApplicationSupportsIndirectInputEvents[sdk=iphonesimulator*]" = YES;
				"INFOPLIST_KEY_UILaunchScreen_Generation[sdk=iphoneos*]" = YES;
				"INFOPLIST_KEY_UILaunchScreen_Generation[sdk=iphonesimulator*]" = YES;
				"INFOPLIST_KEY_UIStatusBarStyle[sdk=iphoneos*]" = UIStatusBarStyleDefault;
				"INFOPLIST_KEY_UIStatusBarStyle[sdk=iphonesimulator*]" = UIStatusBarStyleDefault;
				INFOPLIST_KEY_UISupportedInterfaceOrientations_iPad = "UIInterfaceOrientationPortrait UIInterfaceOrientationPortraitUpsideDown UIInterfaceOrientationLandscapeLeft UIInterfaceOrientationLandscapeRight";
				INFOPLIST_KEY_UISupportedInterfaceOrientations_iPhone = "UIInterfaceOrientationPortrait UIInterfaceOrientationLandscapeLeft UIInterfaceOrientationLandscapeRight";
				IPHONEOS_DEPLOYMENT_TARGET = 26.4;
				LD_RUNPATH_SEARCH_PATHS = "@executable_path/Frameworks";
				"LD_RUNPATH_SEARCH_PATHS[sdk=macosx*]" = "@executable_path/../Frameworks";
				MACOSX_DEPLOYMENT_TARGET = 26.4;
				MARKETING_VERSION = 1.0;
				PRODUCT_BUNDLE_IDENTIFIER = com.advatarsystems.dBrowser;
				PRODUCT_NAME = "$(TARGET_NAME)";
				REGISTER_APP_GROUPS = YES;
				SDKROOT = auto;
				STRING_CATALOG_GENERATE_SYMBOLS = YES;
				SUPPORTED_PLATFORMS = "iphoneos iphonesimulator macosx xros xrsimulator";
				SWIFT_APPROACHABLE_CONCURRENCY = YES;
				SWIFT_DEFAULT_ACTOR_ISOLATION = MainActor;
				SWIFT_EMIT_LOC_STRINGS = YES;
				SWIFT_UPCOMING_FEATURE_MEMBER_IMPORT_VISIBILITY = YES;
				SWIFT_VERSION = 5.0;
				TARGETED_DEVICE_FAMILY = "1,2,7";
				XROS_DEPLOYMENT_TARGET = 26.4;
			};
			name = Debug;
		};
		0C135AA32FB7C4D5002F9C73 /* Release */ = {
			isa = XCBuildConfiguration;
			buildSettings = {
				ASSETCATALOG_COMPILER_APPICON_NAME = AppIcon;
				ASSETCATALOG_COMPILER_GLOBAL_ACCENT_COLOR_NAME = AccentColor;
				CODE_SIGN_ENTITLEMENTS = dBrowser/dBrowser.entitlements;
				"CODE_SIGN_ENTITLEMENTS[sdk=macosx*]" = "dBrowser/dBrowser-macOS.entitlements";
				CODE_SIGN_STYLE = Automatic;
				CURRENT_PROJECT_VERSION = 1;
				DEVELOPMENT_TEAM = L2AF8KFX35;
				ENABLE_APP_SANDBOX = YES;
				ENABLE_HARDENED_RUNTIME = YES;
				ENABLE_PREVIEWS = YES;
				ENABLE_USER_SELECTED_FILES = readonly;
				GENERATE_INFOPLIST_FILE = YES;
				INFOPLIST_FILE = dBrowser/Info.plist;
				INFOPLIST_KEY_CFBundleDisplayName = "D Browser";
				INFOPLIST_KEY_ITSAppUsesNonExemptEncryption = NO;
				INFOPLIST_KEY_LSApplicationCategoryType = "public.app-category.productivity";
				"INFOPLIST_KEY_UIApplicationSceneManifest_Generation[sdk=iphoneos*]" = YES;
				"INFOPLIST_KEY_UIApplicationSceneManifest_Generation[sdk=iphonesimulator*]" = YES;
				"INFOPLIST_KEY_UIApplicationSupportsIndirectInputEvents[sdk=iphoneos*]" = YES;
				"INFOPLIST_KEY_UIApplicationSupportsIndirectInputEvents[sdk=iphonesimulator*]" = YES;
				"INFOPLIST_KEY_UILaunchScreen_Generation[sdk=iphoneos*]" = YES;
				"INFOPLIST_KEY_UILaunchScreen_Generation[sdk=iphonesimulator*]" = YES;
				"INFOPLIST_KEY_UIStatusBarStyle[sdk=iphoneos*]" = UIStatusBarStyleDefault;
				"INFOPLIST_KEY_UIStatusBarStyle[sdk=iphonesimulator*]" = UIStatusBarStyleDefault;
				INFOPLIST_KEY_UISupportedInterfaceOrientations_iPad = "UIInterfaceOrientationPortrait UIInterfaceOrientationPortraitUpsideDown UIInterfaceOrientationLandscapeLeft UIInterfaceOrientationLandscapeRight";
				INFOPLIST_KEY_UISupportedInterfaceOrientations_iPhone = "UIInterfaceOrientationPortrait UIInterfaceOrientationLandscapeLeft UIInterfaceOrientationLandscapeRight";
				IPHONEOS_DEPLOYMENT_TARGET = 26.4;
				LD_RUNPATH_SEARCH_PATHS = "@executable_path/Frameworks";
				"LD_RUNPATH_SEARCH_PATHS[sdk=macosx*]" = "@executable_path/../Frameworks";
				MACOSX_DEPLOYMENT_TARGET = 26.4;
				MARKETING_VERSION = 1.0;
				PRODUCT_BUNDLE_IDENTIFIER = com.advatarsystems.dBrowser;
				PRODUCT_NAME = "$(TARGET_NAME)";
				REGISTER_APP_GROUPS = YES;
				SDKROOT = auto;
				STRING_CATALOG_GENERATE_SYMBOLS = YES;
				SUPPORTED_PLATFORMS = "iphoneos iphonesimulator macosx xros xrsimulator";
				SWIFT_APPROACHABLE_CONCURRENCY = YES;
				SWIFT_DEFAULT_ACTOR_ISOLATION = MainActor;
				SWIFT_EMIT_LOC_STRINGS = YES;
				SWIFT_UPCOMING_FEATURE_MEMBER_IMPORT_VISIBILITY = YES;
				SWIFT_VERSION = 5.0;
				TARGETED_DEVICE_FAMILY = "1,2,7";
				XROS_DEPLOYMENT_TARGET = 26.4;
			};
			name = Release;
		};
		0C135AA42FB7C4D5002F9C73 /* Debug */ = {
			isa = XCBuildConfiguration;
			buildSettings = {
				ALWAYS_SEARCH_USER_PATHS = NO;
				ASSETCATALOG_COMPILER_GENERATE_SWIFT_ASSET_SYMBOL_EXTENSIONS = YES;
				CLANG_ANALYZER_NONNULL = YES;
				CLANG_ANALYZER_NUMBER_OBJECT_CONVERSION = YES_AGGRESSIVE;
				CLANG_CXX_LANGUAGE_STANDARD = "gnu++20";
				CLANG_ENABLE_MODULES = YES;
				CLANG_ENABLE_OBJC_ARC = YES;
				CLANG_ENABLE_OBJC_WEAK = YES;
				CLANG_WARN_BLOCK_CAPTURE_AUTORELEASING = YES;
				CLANG_WARN_BOOL_CONVERSION = YES;
				CLANG_WARN_COMMA = YES;
				CLANG_WARN_CONSTANT_CONVERSION = YES;
				CLANG_WARN_DEPRECATED_OBJC_IMPLEMENTATIONS = YES;
				CLANG_WARN_DIRECT_OBJC_ISA_USAGE = YES_ERROR;
				CLANG_WARN_DOCUMENTATION_COMMENTS = YES;
				CLANG_WARN_EMPTY_BODY = YES;
				CLANG_WARN_ENUM_CONVERSION = YES;
				CLANG_WARN_INFINITE_RECURSION = YES;
				CLANG_WARN_INT_CONVERSION = YES;
				CLANG_WARN_NON_LITERAL_NULL_CONVERSION = YES;
				CLANG_WARN_OBJC_IMPLICIT_RETAIN_SELF = YES;
				CLANG_WARN_OBJC_LITERAL_CONVERSION = YES;
				CLANG_WARN_OBJC_ROOT_CLASS = YES_ERROR;
				CLANG_WARN_QUOTED_INCLUDE_IN_FRAMEWORK_HEADER = YES;
				CLANG_WARN_RANGE_LOOP_ANALYSIS = YES;
				CLANG_WARN_STRICT_PROTOTYPES = YES;
				CLANG_WARN_SUSPICIOUS_MOVE = YES;
				CLANG_WARN_UNGUARDED_AVAILABILITY = YES_AGGRESSIVE;
				CLANG_WARN_UNREACHABLE_CODE = YES;
				CLANG_WARN__DUPLICATE_METHOD_MATCH = YES;
				COPY_PHASE_STRIP = NO;
				DEBUG_INFORMATION_FORMAT = dwarf;
				DEVELOPMENT_TEAM = L2AF8KFX35;
				ENABLE_STRICT_OBJC_MSGSEND = YES;
				ENABLE_TESTABILITY = YES;
				ENABLE_USER_SCRIPT_SANDBOXING = YES;
				GCC_C_LANGUAGE_STANDARD = gnu17;
				GCC_DYNAMIC_NO_PIC = NO;
				GCC_NO_COMMON_BLOCKS = YES;
				GCC_OPTIMIZATION_LEVEL = 0;
				GCC_PREPROCESSOR_DEFINITIONS = (
					"DEBUG=1",
					"$(inherited)",
				);
				GCC_WARN_64_TO_32_BIT_CONVERSION = YES;
				GCC_WARN_ABOUT_RETURN_TYPE = YES_ERROR;
				GCC_WARN_UNDECLARED_SELECTOR = YES;
				GCC_WARN_UNINITIALIZED_AUTOS = YES_AGGRESSIVE;
				GCC_WARN_UNUSED_FUNCTION = YES;
				GCC_WARN_UNUSED_VARIABLE = YES;
				LOCALIZATION_PREFERS_STRING_CATALOGS = YES;
				MTL_ENABLE_DEBUG_INFO = INCLUDE_SOURCE;
				MTL_FAST_MATH = YES;
				ONLY_ACTIVE_ARCH = YES;
				SWIFT_ACTIVE_COMPILATION_CONDITIONS = "DEBUG $(inherited)";
				SWIFT_OPTIMIZATION_LEVEL = "-Onone";
			};
			name = Debug;
		};
		0C135AA52FB7C4D5002F9C73 /* Release */ = {
			isa = XCBuildConfiguration;
			buildSettings = {
				ALWAYS_SEARCH_USER_PATHS = NO;
				ASSETCATALOG_COMPILER_GENERATE_SWIFT_ASSET_SYMBOL_EXTENSIONS = YES;
				CLANG_ANALYZER_NONNULL = YES;
				CLANG_ANALYZER_NUMBER_OBJECT_CONVERSION = YES_AGGRESSIVE;
				CLANG_CXX_LANGUAGE_STANDARD = "gnu++20";
				CLANG_ENABLE_MODULES = YES;
				CLANG_ENABLE_OBJC_ARC = YES;
				CLANG_ENABLE_OBJC_WEAK = YES;
				CLANG_WARN_BLOCK_CAPTURE_AUTORELEASING = YES;
				CLANG_WARN_BOOL_CONVERSION = YES;
				CLANG_WARN_COMMA = YES;
				CLANG_WARN_CONSTANT_CONVERSION = YES;
				CLANG_WARN_DEPRECATED_OBJC_IMPLEMENTATIONS = YES;
				CLANG_WARN_DIRECT_OBJC_ISA_USAGE = YES_ERROR;
				CLANG_WARN_DOCUMENTATION_COMMENTS = YES;
				CLANG_WARN_EMPTY_BODY = YES;
				CLANG_WARN_ENUM_CONVERSION = YES;
				CLANG_WARN_INFINITE_RECURSION = YES;
				CLANG_WARN_INT_CONVERSION = YES;
				CLANG_WARN_NON_LITERAL_NULL_CONVERSION = YES;
				CLANG_WARN_OBJC_IMPLICIT_RETAIN_SELF = YES;
				CLANG_WARN_OBJC_LITERAL_CONVERSION = YES;
				CLANG_WARN_OBJC_ROOT_CLASS = YES_ERROR;
				CLANG_WARN_QUOTED_INCLUDE_IN_FRAMEWORK_HEADER = YES;
				CLANG_WARN_RANGE_LOOP_ANALYSIS = YES;
				CLANG_WARN_STRICT_PROTOTYPES = YES;
				CLANG_WARN_SUSPICIOUS_MOVE = YES;
				CLANG_WARN_UNGUARDED_AVAILABILITY = YES_AGGRESSIVE;
				CLANG_WARN_UNREACHABLE_CODE = YES;
				CLANG_WARN__DUPLICATE_METHOD_MATCH = YES;
				COPY_PHASE_STRIP = NO;
				DEBUG_INFORMATION_FORMAT = "dwarf-with-dsym";
				DEVELOPMENT_TEAM = L2AF8KFX35;
				ENABLE_NS_ASSERTIONS = NO;
				ENABLE_STRICT_OBJC_MSGSEND = YES;
				ENABLE_USER_SCRIPT_SANDBOXING = YES;
				GCC_C_LANGUAGE_STANDARD = gnu17;
				GCC_NO_COMMON_BLOCKS = YES;
				GCC_WARN_64_TO_32_BIT_CONVERSION = YES;
				GCC_WARN_ABOUT_RETURN_TYPE = YES_ERROR;
				GCC_WARN_UNDECLARED_SELECTOR = YES;
				GCC_WARN_UNINITIALIZED_AUTOS = YES_AGGRESSIVE;
				GCC_WARN_UNUSED_FUNCTION = YES;
				GCC_WARN_UNUSED_VARIABLE = YES;
				LOCALIZATION_PREFERS_STRING_CATALOGS = YES;
				MTL_ENABLE_DEBUG_INFO = NO;
				MTL_FAST_MATH = YES;
				SWIFT_COMPILATION_MODE = wholemodule;
			};
			name = Release;
		};
		0C135AA72FB7C4D5002F9C73 /* Debug */ = {
			isa = XCBuildConfiguration;
			buildSettings = {
				BUNDLE_LOADER = "$(TEST_HOST)";
				CODE_SIGN_STYLE = Automatic;
				CURRENT_PROJECT_VERSION = 1;
				DEVELOPMENT_TEAM = L2AF8KFX35;
				GENERATE_INFOPLIST_FILE = YES;
				IPHONEOS_DEPLOYMENT_TARGET = 26.4;
				MACOSX_DEPLOYMENT_TARGET = 26.4;
				MARKETING_VERSION = 1.0;
				PRODUCT_BUNDLE_IDENTIFIER = com.advatarsystems.dBrowserTests;
				PRODUCT_NAME = "$(TARGET_NAME)";
				SDKROOT = auto;
				STRING_CATALOG_GENERATE_SYMBOLS = NO;
				SUPPORTED_PLATFORMS = "iphoneos iphonesimulator macosx xros xrsimulator";
				SWIFT_APPROACHABLE_CONCURRENCY = YES;
				SWIFT_EMIT_LOC_STRINGS = NO;
				SWIFT_UPCOMING_FEATURE_MEMBER_IMPORT_VISIBILITY = YES;
				SWIFT_VERSION = 5.0;
				TARGETED_DEVICE_FAMILY = "1,2,7";
				TEST_HOST = "$(BUILT_PRODUCTS_DIR)/dBrowser.app/$(BUNDLE_EXECUTABLE_FOLDER_PATH)/dBrowser";
				XROS_DEPLOYMENT_TARGET = 26.4;
			};
			name = Debug;
		};
		0C135AA82FB7C4D5002F9C73 /* Release */ = {
			isa = XCBuildConfiguration;
			buildSettings = {
				BUNDLE_LOADER = "$(TEST_HOST)";
				CODE_SIGN_STYLE = Automatic;
				CURRENT_PROJECT_VERSION = 1;
				DEVELOPMENT_TEAM = L2AF8KFX35;
				GENERATE_INFOPLIST_FILE = YES;
				IPHONEOS_DEPLOYMENT_TARGET = 26.4;
				MACOSX_DEPLOYMENT_TARGET = 26.4;
				MARKETING_VERSION = 1.0;
				PRODUCT_BUNDLE_IDENTIFIER = com.advatarsystems.dBrowserTests;
				PRODUCT_NAME = "$(TARGET_NAME)";
				SDKROOT = auto;
				STRING_CATALOG_GENERATE_SYMBOLS = NO;
				SUPPORTED_PLATFORMS = "iphoneos iphonesimulator macosx xros xrsimulator";
				SWIFT_APPROACHABLE_CONCURRENCY = YES;
				SWIFT_EMIT_LOC_STRINGS = NO;
				SWIFT_UPCOMING_FEATURE_MEMBER_IMPORT_VISIBILITY = YES;
				SWIFT_VERSION = 5.0;
				TARGETED_DEVICE_FAMILY = "1,2,7";
				TEST_HOST = "$(BUILT_PRODUCTS_DIR)/dBrowser.app/$(BUNDLE_EXECUTABLE_FOLDER_PATH)/dBrowser";
				XROS_DEPLOYMENT_TARGET = 26.4;
			};
			name = Release;
		};
		0C135AAA2FB7C4D5002F9C73 /* Debug */ = {
			isa = XCBuildConfiguration;
			buildSettings = {
				CODE_SIGN_STYLE = Automatic;
				CURRENT_PROJECT_VERSION = 1;
				DEVELOPMENT_TEAM = L2AF8KFX35;
				GENERATE_INFOPLIST_FILE = YES;
				IPHONEOS_DEPLOYMENT_TARGET = 26.4;
				MACOSX_DEPLOYMENT_TARGET = 26.4;
				MARKETING_VERSION = 1.0;
				PRODUCT_BUNDLE_IDENTIFIER = com.advatarsystems.dBrowserUITests;
				PRODUCT_NAME = "$(TARGET_NAME)";
				SDKROOT = auto;
				STRING_CATALOG_GENERATE_SYMBOLS = NO;
				SUPPORTED_PLATFORMS = "iphoneos iphonesimulator macosx xros xrsimulator";
				SWIFT_APPROACHABLE_CONCURRENCY = YES;
				SWIFT_EMIT_LOC_STRINGS = NO;
				SWIFT_UPCOMING_FEATURE_MEMBER_IMPORT_VISIBILITY = YES;
				SWIFT_VERSION = 5.0;
				TARGETED_DEVICE_FAMILY = "1,2,7";
				TEST_TARGET_NAME = dBrowser;
				XROS_DEPLOYMENT_TARGET = 26.4;
			};
			name = Debug;
		};
		0C135AAB2FB7C4D5002F9C73 /* Release */ = {
			isa = XCBuildConfiguration;
			buildSettings = {
				CODE_SIGN_STYLE = Automatic;
				CURRENT_PROJECT_VERSION = 1;
				DEVELOPMENT_TEAM = L2AF8KFX35;
				GENERATE_INFOPLIST_FILE = YES;
				IPHONEOS_DEPLOYMENT_TARGET = 26.4;
				MACOSX_DEPLOYMENT_TARGET = 26.4;
				MARKETING_VERSION = 1.0;
				PRODUCT_BUNDLE_IDENTIFIER = com.advatarsystems.dBrowserUITests;
				PRODUCT_NAME = "$(TARGET_NAME)";
				SDKROOT = auto;
				STRING_CATALOG_GENERATE_SYMBOLS = NO;
				SUPPORTED_PLATFORMS = "iphoneos iphonesimulator macosx xros xrsimulator";
				SWIFT_APPROACHABLE_CONCURRENCY = YES;
				SWIFT_EMIT_LOC_STRINGS = NO;
				SWIFT_UPCOMING_FEATURE_MEMBER_IMPORT_VISIBILITY = YES;
				SWIFT_VERSION = 5.0;
				TARGETED_DEVICE_FAMILY = "1,2,7";
				TEST_TARGET_NAME = dBrowser;
				XROS_DEPLOYMENT_TARGET = 26.4;
			};
			name = Release;
		};
/* End XCBuildConfiguration section */

/* Begin XCConfigurationList section */
		0C135A782FB7C4D4002F9C73 /* Build configuration list for PBXProject "dBrowser" */ = {
			isa = XCConfigurationList;
			buildConfigurations = (
				0C135AA42FB7C4D5002F9C73 /* Debug */,
				0C135AA52FB7C4D5002F9C73 /* Release */,
			);
			defaultConfigurationIsVisible = 0;
			defaultConfigurationName = Release;
		};
		0C135AA12FB7C4D5002F9C73 /* Build configuration list for PBXNativeTarget "dBrowser" */ = {
			isa = XCConfigurationList;
			buildConfigurations = (
				0C135AA22FB7C4D5002F9C73 /* Debug */,
				0C135AA32FB7C4D5002F9C73 /* Release */,
			);
			defaultConfigurationIsVisible = 0;
			defaultConfigurationName = Release;
		};
		0C135AA62FB7C4D5002F9C73 /* Build configuration list for PBXNativeTarget "dBrowserTests" */ = {
			isa = XCConfigurationList;
			buildConfigurations = (
				0C135AA72FB7C4D5002F9C73 /* Debug */,
				0C135AA82FB7C4D5002F9C73 /* Release */,
			);
			defaultConfigurationIsVisible = 0;
			defaultConfigurationName = Release;
		};
		0C135AA92FB7C4D5002F9C73 /* Build configuration list for PBXNativeTarget "dBrowserUITests" */ = {
			isa = XCConfigurationList;
			buildConfigurations = (
				0C135AAA2FB7C4D5002F9C73 /* Debug */,
				0C135AAB2FB7C4D5002F9C73 /* Release */,
			);
			defaultConfigurationIsVisible = 0;
			defaultConfigurationName = Release;
		};
/* End XCConfigurationList section */

/* Begin XCRemoteSwiftPackageReference section */
		28F0B7298917D8D863D0E866 /* XCRemoteSwiftPackageReference "a2ui-swift" */ = {
			isa = XCRemoteSwiftPackageReference;
			repositoryURL = "https://github.com/BBC6BAE9/a2ui-swift";
			requirement = {
				kind = revision;
				revision = c98cdcc5a29cfa2689ec4704ee7f6a8476286bdd;
			};
		};
		B59B5497CD94C0FCD941D4E2 /* XCRemoteSwiftPackageReference "mlx-swift-lm" */ = {
			isa = XCRemoteSwiftPackageReference;
			repositoryURL = "https://github.com/ml-explore/mlx-swift-lm";
			requirement = {
				kind = upToNextMajorVersion;
				minimumVersion = 3.31.3;
			};
		};
/* End XCRemoteSwiftPackageReference section */

/* Begin XCLocalSwiftPackageReference section */
		08A671642A2C42CABD328013 /* XCLocalSwiftPackageReference "../Packages/SwiftLM" */ = {
			isa = XCLocalSwiftPackageReference;
			relativePath = ../Packages/SwiftLM;
		};
/* End XCLocalSwiftPackageReference section */

/* Begin XCSwiftPackageProductDependency section */
		0234635C5599E4E9FA57EED8 /* MLXLMCommon */ = {
			isa = XCSwiftPackageProductDependency;
			package = B59B5497CD94C0FCD941D4E2 /* XCRemoteSwiftPackageReference "mlx-swift-lm" */;
			productName = MLXLMCommon;
		};
		0A9E53321FCDF3C9F0CC8530 /* MLXVLM */ = {
			isa = XCSwiftPackageProductDependency;
			package = B59B5497CD94C0FCD941D4E2 /* XCRemoteSwiftPackageReference "mlx-swift-lm" */;
			productName = MLXVLM;
		};
		1C85446A282344B7B7C5D77E /* ControlPlane */ = {
			isa = XCSwiftPackageProductDependency;
			productName = ControlPlane;
		};
		41336243A89F768EDC117F21 /* A2UISwiftUI */ = {
			isa = XCSwiftPackageProductDependency;
			package = 28F0B7298917D8D863D0E866 /* XCRemoteSwiftPackageReference "a2ui-swift" */;
			productName = A2UISwiftUI;
		};
		4885D8C648A041819F1C2F01 /* Contracts */ = {
			isa = XCSwiftPackageProductDependency;
			productName = Contracts;
		};
		6BF49234D51B56FBEA51A64C /* A2UISwiftCore */ = {
			isa = XCSwiftPackageProductDependency;
			package = 28F0B7298917D8D863D0E866 /* XCRemoteSwiftPackageReference "a2ui-swift" */;
			productName = A2UISwiftCore;
		};
		F4C8BDD7D068B495E7B2B951 /* MLXLMCommon */ = {
			isa = XCSwiftPackageProductDependency;
			package = B59B5497CD94C0FCD941D4E2 /* XCRemoteSwiftPackageReference "mlx-swift-lm" */;
			productName = MLXLMCommon;
		};
/* End XCSwiftPackageProductDependency section */
	};
	rootObject = 0C135A752FB7C4D4002F9C73 /* Project object */;
}
