{
  "originHash" : "ff08cf6d8dd8008bc35e37f60a02b6ccc9e214f130ba57385035e981130a3d44",
  "pins" : [
    {
      "identity" : "a2ui-swift",
      "kind" : "remoteSourceControl",
      "location" : "https://github.com/BBC6BAE9/a2ui-swift",
      "state" : {
        "revision" : "c98cdcc5a29cfa2689ec4704ee7f6a8476286bdd"
      }
    },
    {
      "identity" : "mlx-swift",
      "kind" : "remoteSourceControl",
      "location" : "https://github.com/ml-explore/mlx-swift",
      "state" : {
        "revision" : "61b9e011e09a62b489f6bd647958f1555bdf2896",
        "version" : "0.31.3"
      }
    },
    {
      "identity" : "mlx-swift-lm",
      "kind" : "remoteSourceControl",
      "location" : "https://github.com/ml-explore/mlx-swift-lm",
      "state" : {
        "revision" : "1c05248bb0899e2a7a4962b84d319cf12f4e12aa",
        "version" : "3.31.3"
      }
    },
    {
      "identity" : "swift-foundation-icu",
      "kind" : "remoteSourceControl",
      "location" : "https://github.com/swiftlang/swift-foundation-icu.git",
      "state" : {
        "branch" : "swift-6.3.1-RELEASE",
        "revision" : "2e2854eee567589ed44c5f3c85c7343e6d91978d"
      }
    },
    {
      "identity" : "swift-numerics",
      "kind" : "remoteSourceControl",
      "location" : "https://github.com/apple/swift-numerics",
      "state" : {
        "revision" : "0c0290ff6b24942dadb83a929ffaaa1481df04a2",
        "version" : "1.1.1"
      }
    },
    {
      "identity" : "swift-syntax",
      "kind" : "remoteSourceControl",
      "location" : "https://github.com/swiftlang/swift-syntax.git",
      "state" : {
        "revision" : "0687f71944021d616d34d922343dcef086855920",
        "version" : "600.0.1"
      }
    }
  ],
  "version" : 3
}
